{
  "requires": true,
  "lockfileVersion": 1,
  "dependencies": {
    "@types/aws4": {
      "version": "1.11.6",
      "resolved": "https://registry.npmjs.org/@types/aws4/-/aws4-1.11.6.tgz",
      "integrity": "sha512-5CnVUkHNyLGpD9AnOcK66YyP0qvIh6nhJJoeK8zSl5YKikUcUbdB7SlHevUYVqicgeh6j5AJa1qa/h08dSZHoA==",
      "dev": true,
      "requires": {
        "@types/node": "*"
      }
    },
    "@types/base-64": {
      "version": "1.0.2",
      "resolved": "https://registry.npmjs.org/@types/base-64/-/base-64-1.0.2.tgz",
      "integrity": "sha512-uPgKMmM9fmn7I+Zi6YBqctOye4SlJsHKcisjHIMWpb2YKZRc36GpKyNuQ03JcT+oNXg1m7Uv4wU94EVltn8/cw==",
      "dev": true
    },
    "@types/body-parser": {
      "version": "1.19.5",
      "resolved": "https://registry.npmjs.org/@types/body-parser/-/body-parser-1.19.5.tgz",
      "integrity": "sha512-fB3Zu92ucau0iQ0JMCFQE7b/dv8Ot07NI3KaZIkIUNXq82k4eBAqUaneXfleGY9JWskeS9y+u0nXMyspcuQrCg==",
      "dev": true,
      "requires": {
        "@types/connect": "*",
        "@types/node": "*"
      }
    },
    "@types/caseless": {
      "version": "0.12.5",
      "resolved": "https://registry.npmjs.org/@types/caseless/-/caseless-0.12.5.tgz",
      "integrity": "sha512-hWtVTC2q7hc7xZ/RLbxapMvDMgUnDvKvMOpKal4DrMyfGBUfB1oKaZlIRr6mJL+If3bAP6sV/QneGzF6tJjZDg==",
      "dev": true
    },
    "@types/connect": {
      "version": "3.4.38",
      "resolved": "https://registry.npmjs.org/@types/connect/-/connect-3.4.38.tgz",
      "integrity": "sha512-K6uROf1LD88uDQqJCktA4yzL1YYAK6NgfsI0v/mTgyPKWsX1CnJ0XPSDhViejru1GcRkLWb8RlzFYJRqGUbaug==",
      "dev": true,
      "requires": {
        "@types/node": "*"
      }
    },
    "@types/cookie": {
      "version": "0.6.0",
      "resolved": "https://registry.npmjs.org/@types/cookie/-/cookie-0.6.0.tgz",
      "integrity": "sha512-4Kh9a6B2bQciAhf7FSuMRRkUWecJgJu9nPnx3yzpsfXX/c50REIqpHY4C82bXP90qrLtXtkDxTZosYO3UpOwlA==",
      "dev": true
    },
    "@types/cors": {
      "version": "2.8.17",
      "resolved": "https://registry.npmjs.org/@types/cors/-/cors-2.8.17.tgz",
      "integrity": "sha512-8CGDvrBj1zgo2qE+oS3pOCyYNqCPryMWY2bGfwA0dcfopWGgxs+78df0Rs3rc9THP4JkOhLsAa+15VdpAqkcUA==",
      "dev": true,
      "requires": {
        "@types/node": "*"
      }
    },
    "@types/express": {
      "version": "4.17.21",
      "resolved": "https://registry.npmjs.org/@types/express/-/express-4.17.21.tgz",
      "integrity": "sha512-ejlPM315qwLpaQlQDTjPdsUFSc6ZsP4AN6AlWnogPjQ7CVi7PYF3YVz+CY3jE2pwYf7E/7HlDAN0rV2GxTG0HQ==",
      "dev": true,
      "requires": {
        "@types/body-parser": "*",
        "@types/express-serve-static-core": "^4.17.33",
        "@types/qs": "*",
        "@types/serve-static": "*"
      }
    },
    "@types/express-serve-static-core": {
      "version": "4.17.41",
      "resolved": "https://registry.npmjs.org/@types/express-serve-static-core/-/express-serve-static-core-4.17.41.tgz",
      "integrity": "sha512-OaJ7XLaelTgrvlZD8/aa0vvvxZdUmlCn6MtWeB7TkiKW70BQLc9XEPpDLPdbo52ZhXUCrznlWdCHWxJWtdyajA==",
      "dev": true,
      "requires": {
        "@types/node": "*",
        "@types/qs": "*",
        "@types/range-parser": "*",
        "@types/send": "*"
      }
    },
    "@types/extend": {
      "version": "3.0.4",
      "resolved": "https://registry.npmjs.org/@types/extend/-/extend-3.0.4.tgz",
      "integrity": "sha512-ArMouDUTJEz1SQRpFsT2rIw7DeqICFv5aaVzLSIYMYQSLcwcGOfT3VyglQs/p7K3F7fT4zxr0NWxYZIdifD6dA==",
      "dev": true
    },
    "@types/forever-agent": {
      "version": "0.6.4",
      "resolved": "https://registry.npmjs.org/@types/forever-agent/-/forever-agent-0.6.4.tgz",
      "integrity": "sha512-87fIzkJlHtyrDcxndPF9OziZM7PnK4pw2Lp7WXYULMhWLbXuefMw+NXp6baaXHO30V0bLTzEH+Q/ZZosl2ciBA==",
      "dev": true,
      "requires": {
        "@types/node": "*"
      }
    },
    "@types/http-errors": {
      "version": "2.0.4",
      "resolved": "https://registry.npmjs.org/@types/http-errors/-/http-errors-2.0.4.tgz",
      "integrity": "sha512-D0CFMMtydbJAegzOyHjtiKPLlvnm3iTZyZRSZoLq2mRhDdmLfIWOCYPfQJ4cu2erKghU++QvjcUjp/5h7hESpA==",
      "dev": true
    },
    "@types/http-signature": {
      "version": "1.3.3",
      "resolved": "https://registry.npmjs.org/@types/http-signature/-/http-signature-1.3.3.tgz",
      "integrity": "sha512-tCZkAzWDNXAN6dTkBIupjvWTrgc+oMzxT0+ZuYWLTsxapcsZCtCVVr8M20NNcrBY2He5DGpaPehFeFQhdlLYqg==",
      "dev": true,
      "requires": {
        "@types/node": "*"
      }
    },
    "@types/is-typedarray": {
      "version": "1.0.2",
      "resolved": "https://registry.npmjs.org/@types/is-typedarray/-/is-typedarray-1.0.2.tgz",
      "integrity": "sha512-kWcgv61Q/5brwataqKzwZOuxNLBKaHSpSnDYL6WUI0t7vhy1unEPIxn44OLvJ15c1aXDP6CApAu3R5zo4kdxYg==",
      "dev": true,
      "requires": {
        "@types/node": "*"
      }
    },
    "@types/isstream": {
      "version": "0.1.2",
      "resolved": "https://registry.npmjs.org/@types/isstream/-/isstream-0.1.2.tgz",
      "integrity": "sha512-EE11Sn7gzHEF9FGkYHTkFpPuDEamLudLvaGnBciNgH55fTYboWZHINR6MP8+CfCOjPJX08l4teRrjCY11gz1CA==",
      "dev": true
    },
    "@types/jquery": {
      "version": "3.5.29",
      "resolved": "https://registry.npmjs.org/@types/jquery/-/jquery-3.5.29.tgz",
      "integrity": "sha512-oXQQC9X9MOPRrMhPHHOsXqeQDnWeCDT3PelUIg/Oy8FAbzSZtFHRjc7IpbfFVmpLtJ+UOoywpRsuO5Jxjybyeg==",
      "dev": true,
      "requires": {
        "@types/sizzle": "*"
      }
    },
    "@types/jsdom": {
      "version": "21.1.6",
      "resolved": "https://registry.npmjs.org/@types/jsdom/-/jsdom-21.1.6.tgz",
      "integrity": "sha512-/7kkMsC+/kMs7gAYmmBR9P0vGTnOoLhQhyhQJSlXGI5bzTHp6xdo0TtKWQAsz6pmSAeVqKSbqeyP6hytqr9FDw==",
      "dev": true,
      "requires": {
        "@types/node": "*",
        "@types/tough-cookie": "*",
        "parse5": "^7.0.0"
      }
    },
    "@types/json-stringify-safe": {
      "version": "5.0.3",
      "resolved": "https://registry.npmjs.org/@types/json-stringify-safe/-/json-stringify-safe-5.0.3.tgz",
      "integrity": "sha512-oNOjRxLfPeYbBSQ60maucaFNqbslVOPU4WWs5t/sHvAh6tyo/CThXSG+E24tEzkgh/fzvxyDrYdOJufgeNy1sQ==",
      "dev": true
    },
    "@types/merge-descriptors": {
      "version": "1.0.3",
      "resolved": "https://registry.npmjs.org/@types/merge-descriptors/-/merge-descriptors-1.0.3.tgz",
      "integrity": "sha512-ZhU/HNM9R75TO8PBn0+zDi7tbYEygeraTjDHAkGpgFFKKEj/Al4RysG+oWyrRusPRDUvctaK+SYrw1m2SdLNNQ==",
      "dev": true
    },
    "@types/mime": {
      "version": "3.0.4",
      "resolved": "https://registry.npmjs.org/@types/mime/-/mime-3.0.4.tgz",
      "integrity": "sha512-iJt33IQnVRkqeqC7PzBHPTC6fDlRNRW8vjrgqtScAhrmMwe8c4Eo7+fUGTa+XdWrpEgpyKWMYmi2dIwMAYRzPw==",
      "dev": true
    },
    "@types/mime-types": {
      "version": "2.1.4",
      "resolved": "https://registry.npmjs.org/@types/mime-types/-/mime-types-2.1.4.tgz",
      "integrity": "sha512-lfU4b34HOri+kAY5UheuFMWPDOI+OPceBSHZKp69gEyTL/mmJ4cnU6Y/rlme3UL3GyOn6Y42hyIEw0/q8sWx5w==",
      "dev": true
    },
    "@types/node": {
      "version": "20.11.0",
      "resolved": "https://registry.npmjs.org/@types/node/-/node-20.11.0.tgz",
      "integrity": "sha512-o9bjXmDNcF7GbM4CNQpmi+TutCgap/K3w1JyKgxAjqx41zp9qlIAVFi0IhCNsJcXolEqLWhbFbEeL0PvYm4pcQ==",
      "dev": true,
      "requires": {
        "undici-types": "~5.26.4"
      }
    },
    "@types/node-fetch": {
      "version": "2.6.10",
      "resolved": "https://registry.npmjs.org/@types/node-fetch/-/node-fetch-2.6.10.tgz",
      "integrity": "sha512-PPpPK6F9ALFTn59Ka3BaL+qGuipRfxNE8qVgkp0bVixeiR2c2/L+IVOiBdu9JhhT22sWnQEp6YyHGI2b2+CMcA==",
      "dev": true,
      "requires": {
        "@types/node": "*",
        "form-data": "^4.0.0"
      }
    },
    "@types/object-assign": {
      "version": "4.0.33",
      "resolved": "https://registry.npmjs.org/@types/object-assign/-/object-assign-4.0.33.tgz",
      "integrity": "sha512-HeuamLPmpVPuJU/oY7z/YGAezy4HFy6mhvzwupi9Xc8n0FKY8tR1/U3AKaOn/I5Mb4dvbw2szSYcXi84eW07TQ==",
      "dev": true
    },
    "@types/qs": {
      "version": "6.9.11",
      "resolved": "https://registry.npmjs.org/@types/qs/-/qs-6.9.11.tgz",
      "integrity": "sha512-oGk0gmhnEJK4Yyk+oI7EfXsLayXatCWPHary1MtcmbAifkobT9cM9yutG/hZKIseOU0MqbIwQ/u2nn/Gb+ltuQ==",
      "dev": true
    },
    "@types/range-parser": {
      "version": "1.2.7",
      "resolved": "https://registry.npmjs.org/@types/range-parser/-/range-parser-1.2.7.tgz",
      "integrity": "sha512-hKormJbkJqzQGhziax5PItDUTMAM9uE2XXQmM37dyd4hVM+5aVl7oVxMVUiVQn2oCQFN/LKCZdvSM0pFRqbSmQ==",
      "dev": true
    },
    "@types/request": {
      "version": "2.48.12",
      "resolved": "https://registry.npmjs.org/@types/request/-/request-2.48.12.tgz",
      "integrity": "sha512-G3sY+NpsA9jnwm0ixhAFQSJ3Q9JkpLZpJbI3GMv0mIAT0y3mRabYeINzal5WOChIiaTEGQYlHOKgkaM9EisWHw==",
      "dev": true,
      "requires": {
        "@types/caseless": "*",
        "@types/node": "*",
        "@types/tough-cookie": "*",
        "form-data": "^2.5.0"
      },
      "dependencies": {
        "form-data": {
          "version": "2.5.1",
          "resolved": "https://registry.npmjs.org/form-data/-/form-data-2.5.1.tgz",
          "integrity": "sha512-m21N3WOmEEURgk6B9GLOE4RuWOFf28Lhh9qGYeNlGq4VDXUlJy2th2slBNU8Gp8EzloYZOibZJ7t5ecIrFSjVA==",
          "dev": true,
          "requires": {
            "asynckit": "^0.4.0",
            "combined-stream": "^1.0.6",
            "mime-types": "^2.1.12"
          }
        }
      }
    },
    "@types/send": {
      "version": "0.17.4",
      "resolved": "https://registry.npmjs.org/@types/send/-/send-0.17.4.tgz",
      "integrity": "sha512-x2EM6TJOybec7c52BX0ZspPodMsQUd5L6PRwOunVyVUhXiBSKf3AezDL8Dgvgt5o0UfKNfuA0eMLr2wLT4AiBA==",
      "dev": true,
      "requires": {
        "@types/mime": "^1",
        "@types/node": "*"
      },
      "dependencies": {
        "@types/mime": {
          "version": "1.3.5",
          "resolved": "https://registry.npmjs.org/@types/mime/-/mime-1.3.5.tgz",
          "integrity": "sha512-/pyBZWSLD2n0dcHE3hq8s8ZvcETHtEuF+3E7XVt0Ig2nvsVQXdghHVcEkIWjy9A0wKfTn97a/PSDYohKIlnP/w==",
          "dev": true
        }
      }
    },
    "@types/serve-static": {
      "version": "1.15.5",
      "resolved": "https://registry.npmjs.org/@types/serve-static/-/serve-static-1.15.5.tgz",
      "integrity": "sha512-PDRk21MnK70hja/YF8AHfC7yIsiQHn1rcXx7ijCFBX/k+XQJhQT/gw3xekXKJvx+5SXaMMS8oqQy09Mzvz2TuQ==",
      "dev": true,
      "requires": {
        "@types/http-errors": "*",
        "@types/mime": "*",
        "@types/node": "*"
      }
    },
    "@types/sizzle": {
      "version": "2.3.8",
      "resolved": "https://registry.npmjs.org/@types/sizzle/-/sizzle-2.3.8.tgz",
      "integrity": "sha512-0vWLNK2D5MT9dg0iOo8GlKguPAU02QjmZitPEsXRuJXU/OGIOt9vT9Fc26wtYuavLxtO45v9PGleoL9Z0k1LHg==",
      "dev": true
    },
    "@types/tough-cookie": {
      "version": "4.0.5",
      "resolved": "https://registry.npmjs.org/@types/tough-cookie/-/tough-cookie-4.0.5.tgz",
      "integrity": "sha512-/Ad8+nIOV7Rl++6f1BdKxFSMgmoqEoYbHRpPcx3JEfv8VRsQe9Z4mCXeJBzxs7mbHY/XOZZuXlRNfhpVPbs6ZA==",
      "dev": true
    },
    "@types/uglify-js": {
      "version": "3.17.4",
      "resolved": "https://registry.npmjs.org/@types/uglify-js/-/uglify-js-3.17.4.tgz",
      "integrity": "sha512-Hm/T0kV3ywpJyMGNbsItdivRhYNCQQf1IIsYsXnoVPES4t+FMLyDe0/K+Ea7ahWtMtSNb22ZdY7MIyoD9rqARg==",
      "dev": true,
      "requires": {
        "source-map": "^0.6.1"
      }
    },
    "@types/vary": {
      "version": "1.1.3",
      "resolved": "https://registry.npmjs.org/@types/vary/-/vary-1.1.3.tgz",
      "integrity": "sha512-XJT8/ZQCL7NUut9QDLf6l24JfAEl7bnNdgxfj50cHIpEPRJLHHDDFOAq6i+GsEmeFfH7NamhBE4c4Thtb2egWg==",
      "dev": true,
      "requires": {
        "@types/node": "*"
      }
    },
    "@types/yt-search": {
      "version": "2.10.3",
      "resolved": "https://registry.npmjs.org/@types/yt-search/-/yt-search-2.10.3.tgz",
      "integrity": "sha512-kH4Yzs/edH9/s/Wj58WhV73qpiRedWeNy5V202BqpXPd+xUFM8M3ASLdUMYUbzzlUDoGorDm4JpeN6iNx3sOjw==",
      "dev": true
    },
    "asynckit": {
      "version": "0.4.0",
      "resolved": "https://registry.npmjs.org/asynckit/-/asynckit-0.4.0.tgz",
      "integrity": "sha512-Oei9OH4tRh0YqU3GxhX79dM/mwVgvbZJaSNaRk+bshkj0S5cfHcgYakreBjrHwatXKbz+IoIdYLxrKim2MjW0Q==",
      "dev": true
    },
    "combined-stream": {
      "version": "1.0.8",
      "resolved": "https://registry.npmjs.org/combined-stream/-/combined-stream-1.0.8.tgz",
      "integrity": "sha512-FQN4MRfuJeHf7cBbBMJFXhKSDq+2kAArBlmRBvcvFE5BB1HZKXtSFASDhdlz9zOYwxh8lDdnvmMOe/+5cdoEdg==",
      "dev": true,
      "requires": {
        "delayed-stream": "~1.0.0"
      }
    },
    "delayed-stream": {
      "version": "1.0.0",
      "resolved": "https://registry.npmjs.org/delayed-stream/-/delayed-stream-1.0.0.tgz",
      "integrity": "sha512-ZySD7Nf91aLB0RxL4KGrKHBXl7Eds1DAmEdcoVawXnLD7SDhpNgtuII2aAkg7a7QS41jxPSZ17p4VdGnMHk3MQ==",
      "dev": true
    },
    "entities": {
      "version": "4.5.0",
      "resolved": "https://registry.npmjs.org/entities/-/entities-4.5.0.tgz",
      "integrity": "sha512-V0hjH4dGPh9Ao5p0MoRY6BVqtwCjhz6vI5LT8AJ55H+4g9/4vbHx1I54fS0XuclLhDHArPQCiMjDxjaL8fPxhw==",
      "dev": true
    },
    "form-data": {
      "version": "4.0.0",
      "resolved": "https://registry.npmjs.org/form-data/-/form-data-4.0.0.tgz",
      "integrity": "sha512-ETEklSGi5t0QMZuiXoA/Q6vcnxcLQP5vdugSpuAyi6SVGi2clPPp+xgEhuMaHC+zGgn31Kd235W35f7Hykkaww==",
      "dev": true,
      "requires": {
        "asynckit": "^0.4.0",
        "combined-stream": "^1.0.8",
        "mime-types": "^2.1.12"
      }
    },
    "mime-db": {
      "version": "1.52.0",
      "resolved": "https://registry.npmjs.org/mime-db/-/mime-db-1.52.0.tgz",
      "integrity": "sha512-sPU4uV7dYlvtWJxwwxHD0PuihVNiE7TyAbQ5SWxDCB9mUYvOgroQOwYQQOKPJ8CIbE+1ETVlOoK1UC2nU3gYvg==",
      "dev": true
    },
    "mime-types": {
      "version": "2.1.35",
      "resolved": "https://registry.npmjs.org/mime-types/-/mime-types-2.1.35.tgz",
      "integrity": "sha512-ZDY+bPm5zTTF+YpCrAU9nK0UgICYPT0QtT1NZWFv4s++TNkcgVaT0g6+4R2uI4MjQjzysHB1zxuWL50hzaeXiw==",
      "dev": true,
      "requires": {
        "mime-db": "1.52.0"
      }
    },
    "parse5": {
      "version": "7.1.2",
      "resolved": "https://registry.npmjs.org/parse5/-/parse5-7.1.2.tgz",
      "integrity": "sha512-Czj1WaSVpaoj0wbhMzLmWD69anp2WH7FXMB9n1Sy8/ZFF9jolSQVMu1Ij5WIyGmcBmhk7EOndpO4mIpihVqAXw==",
      "dev": true,
      "requires": {
        "entities": "^4.4.0"
      }
    },
    "source-map": {
      "version": "0.6.1",
      "resolved": "https://registry.npmjs.org/source-map/-/source-map-0.6.1.tgz",
      "integrity": "sha512-UjgapumWlbMhkBgzT7Ykc5YXUT46F0iKu8SGXq0bcwP5dz/h0Plj6enJqjz1Zbq2l5WaqYnrVbwWOWMyF3F47g==",
      "dev": true
    },
    "types-registry": {
      "version": "0.1.678",
      "resolved": "https://registry.npmjs.org/types-registry/-/types-registry-0.1.678.tgz",
      "integrity": "sha512-NRoGkYiuTkDsl5NoizaGSQNNYP2ldmBkXA2ZqycNFXNp4zOUrd363QbWDvNy8mdgn7AyJTn8PghmB0QBhntCYw=="
    },
    "undici-types": {
      "version": "5.26.5",
      "resolved": "https://registry.npmjs.org/undici-types/-/undici-types-5.26.5.tgz",
      "integrity": "sha512-JlCMO+ehdEIKqlFxk6IfVoAUVmgz7cU7zD/h9XZ0qzeosSHmUJVOzSQvvYSYWXkFXC+IfLKSIffhv0sVZup6pA==",
      "dev": true
    }
  }
}
